// !$*UTF8*$!
{
	archiveVersion = 1;
	classes = {
	};
	objectVersion = 46;
	objects = {

/* Begin PBXBuildFile section */
		204FD9A61C6BA2680030DC0A /* AppDelegate.swift in Sources */ = {isa = PBXBuildFile; fileRef = 204FD9A51C6BA2680030DC0A /* AppDelegate.swift */; };
		204FD9AB1C6BA2680030DC0A /* Main.storyboard in Resources */ = {isa = PBXBuildFile; fileRef = 204FD9A91C6BA2680030DC0A /* Main.storyboard */; };
		204FD9AD1C6BA2680030DC0A /* Assets.xcassets in Resources */ = {isa = PBXBuildFile; fileRef = 204FD9AC1C6BA2680030DC0A /* Assets.xcassets */; };
		204FD9B01C6BA2680030DC0A /* LaunchScreen.storyboard in Resources */ = {isa = PBXBuildFile; fileRef = 204FD9AE1C6BA2680030DC0A /* LaunchScreen.storyboard */; };
		204FD9BA1C6BA3CE0030DC0A /* ChecklistTableViewController.swift in Sources */ = {isa = PBXBuildFile; fileRef = 204FD9B91C6BA3CE0030DC0A /* ChecklistTableViewController.swift */; };
/* End PBXBuildFile section */

/* Begin PBXFileReference section */
		204FD9A21C6BA2680030DC0A /* Checklist.app */ = {isa = PBXFileReference; explicitFileType = wrapper.application; includeInIndex = 0; path = Checklist.app; sourceTree = BUILT_PRODUCTS_DIR; };
		204FD9A51C6BA2680030DC0A /* AppDelegate.swift */ = {isa = PBXFileReference; lastKnownFileType = sourcecode.swift; path = AppDelegate.swift; sourceTree = "<group>"; };
		204FD9AA1C6BA2680030DC0A /* Base */ = {isa = PBXFileReference; lastKnownFileType = file.storyboard; name = Base; path = Base.lproj/Main.storyboard; sourceTree = "<group>"; };
		204FD9AC1C6BA2680030DC0A /* Assets.xcassets */ = {isa = PBXFileReference; lastKnownFileType = folder.assetcatalog; path = Assets.xcassets; sourceTree = "<group>"; };
		204FD9AF1C6BA2680030DC0A /* Base */ = {isa = PBXFileReference; lastKnownFileType = file.storyboard; name = Base; path = Base.lproj/LaunchScreen.storyboard; sourceTree = "<group>"; };
		204FD9B11C6BA2680030DC0A /* Info.plist */ = {isa = PBXFileReference; lastKnownFileType = text.plist.xml; path = Info.plist; sourceTree = "<group>"; };
		204FD9B91C6BA3CE0030DC0A /* ChecklistTableViewController.swift */ = {isa = PBXFileReference; fileEncoding = 4; lastKnownFileType = sourcecode.swift; path = ChecklistTableViewController.swift; sourceTree = "<group>"; };
/* End PBXFileReference section */

/* Begin PBXFrameworksBuildPhase section */
		204FD99F1C6BA2680030DC0A /* Frameworks */ = {
			isa = PBXFrameworksBuildPhase;
			buildActionMask = 2147483647;
			files = (
			);
			runOnlyForDeploymentPostprocessing = 0;
		};
/* End PBXFrameworksBuildPhase section */

/* Begin PBXGroup section */
		204FD9991C6BA2680030DC0A = {
			isa = PBXGroup;
			children = (
				204FD9A41C6BA2680030DC0A /* Checklist */,
				204FD9A31C6BA2680030DC0A /* Products */,
			);
			sourceTree = "<group>";
		};
		204FD9A31C6BA2680030DC0A /* Products */ = {
			isa = PBXGroup;
			children = (
				204FD9A21C6BA2680030DC0A /* Checklist.app */,
			);
			name = Products;
			sourceTree = "<group>";
		};
		204FD9A41C6BA2680030DC0A /* Checklist */ = {
			isa = PBXGroup;
			children = (
				204FD9A51C6BA2680030DC0A /* AppDelegate.swift */,
				204FD9A91C6BA2680030DC0A /* Main.storyboard */,
				204FD9B91C6BA3CE0030DC0A /* ChecklistTableViewController.swift */,
				204FD9AC1C6BA2680030DC0A /* Assets.xcassets */,
				204FD9AE1C6BA2680030DC0A /* LaunchScreen.storyboard */,
				204FD9B11C6BA2680030DC0A /* Info.plist */,
			);
			path = Checklist;
			sourceTree = "<group>";
		};
/* End PBXGroup section */

/* Begin PBXNativeTarget section */
		204FD9A11C6BA2680030DC0A /* Checklist */ = {
			isa = PBXNativeTarget;
			buildConfigurationList = 204FD9B41C6BA2680030DC0A /* Build configuration list for PBXNativeTarget "Checklist" */;
			buildPhases = (
				204FD99E1C6BA2680030DC0A /* Sources */,
				204FD99F1C6BA2680030DC0A /* Frameworks */,
				204FD9A01C6BA2680030DC0A /* Resources */,
			);
			buildRules = (
			);
			dependencies = (
			);
			name = Checklist;
			productName = Checklist;
			productReference = 204FD9A21C6BA2680030DC0A /* Checklist.app */;
			productType = "com.apple.product-type.application";
		};
/* End PBXNativeTarget section */

/* Begin PBXProject section */
		204FD99A1C6BA2680030DC0A /* Project object */ = {
			isa = PBXProject;
			attributes = {
				LastSwiftUpdateCheck = 0720;
				LastUpgradeCheck = 0720;
				ORGANIZATIONNAME = fanxin;
				TargetAttributes = {
					204FD9A11C6BA2680030DC0A = {
						CreatedOnToolsVersion = 7.2;
					};
				};
			};
			buildConfigurationList = 204FD99D1C6BA2680030DC0A /* Build configuration list for PBXProject "Checklist" */;
			compatibilityVersion = "Xcode 3.2";
			developmentRegion = English;
			hasScannedForEncodings = 0;
			knownRegions = (
				en,
				Base,
			);
			mainGroup = 204FD9991C6BA2680030DC0A;
			productRefGroup = 204FD9A31C6BA2680030DC0A /* Products */;
			projectDirPath = "";
			projectRoot = "";
			targets = (
				204FD9A11C6BA2680030DC0A /* Checklist */,
			);
		};
/* End PBXProject section */

/* Begin PBXResourcesBuildPhase section */
		204FD9A01C6BA2680030DC0A /* Resources */ = {
			isa = PBXResourcesBuildPhase;
			buildActionMask = 2147483647;
			files = (
				204FD9B01C6BA2680030DC0A /* LaunchScreen.storyboard in Resources */,
				204FD9AD1C6BA2680030DC0A /* Assets.xcassets in Resources */,
				204FD9AB1C6BA2680030DC0A /* Main.storyboard in Resources */,
			);
			runOnlyForDeploymentPostprocessing = 0;
		};
/* End PBXResourcesBuildPhase section */

/* Begin PBXSourcesBuildPhase section */
		204FD99E1C6BA2680030DC0A /* Sources */ = {
			isa = PBXSourcesBuildPhase;
			buildActionMask = 2147483647;
			files = (
				204FD9BA1C6BA3CE0030DC0A /* ChecklistTableViewController.swift in Sources */,
				204FD9A61C6BA2680030DC0A /* AppDelegate.swift in Sources */,
			);
			runOnlyForDeploymentPostprocessing = 0;
		};
/* End PBXSourcesBuildPhase section */

/* Begin PBXVariantGroup section */
		204FD9A91C6BA2680030DC0A /* Main.storyboard */ = {
			isa = PBXVariantGroup;
			children = (
				204FD9AA1C6BA2680030DC0A /* Base */,
			);
			name = Main.storyboard;
			sourceTree = "<group>";
		};
		204FD9AE1C6BA2680030DC0A /* LaunchScreen.storyboard */ = {
			isa = PBXVariantGroup;
			children = (
				204FD9AF1C6BA2680030DC0A /* Base */,
			);
			name = LaunchScreen.storyboard;
			sourceTree = "<group>";
		};
/* End PBXVariantGroup section */

/* Begin XCBuildConfiguration section */
		204FD9B21C6BA2680030DC0A /* Debug */ = {
			isa = XCBuildConfiguration;
			buildSettings = {
				ALWAYS_SEARCH_USER_PATHS = NO;
				CLANG_CXX_LANGUAGE_STANDARD = "gnu++0x";
				CLANG_CXX_LIBRARY = "libc++";
				CLANG_ENABLE_MODULES = YES;
				CLANG_ENABLE_OBJC_ARC = YES;
				CLANG_WARN_BOOL_CONVERSION = YES;
				CLANG_WARN_CONSTANT_CONVERSION = YES;
				CLANG_WARN_DIRECT_OBJC_ISA_USAGE = YES_ERROR;
				CLANG_WARN_EMPTY_BODY = YES;
				CLANG_WARN_ENUM_CONVERSION = YES;
				CLANG_WARN_INT_CONVERSION = YES;
				CLANG_WARN_OBJC_ROOT_CLASS = YES_ERROR;
				CLANG_WARN_UNREACHABLE_CODE = YES;
				CLANG_WARN__DUPLICATE_METHOD_MATCH = YES;
				"CODE_SIGN_IDENTITY[sdk=iphoneos*]" = "iPhone Developer";
				COPY_PHASE_STRIP = NO;
				DEBUG_INFORMATION_FORMAT = dwarf;
				ENABLE_STRICT_OBJC_MSGSEND = YES;
				ENABLE_TESTABILITY = YES;
				GCC_C_LANGUAGE_STANDARD = gnu99;
				GCC_DYNAMIC_NO_PIC = NO;
				GCC_NO_COMMON_BLOCKS = YES;
				GCC_OPTIMIZATION_LEVEL = 0;
				GCC_PREPROCESSOR_DEFINITIONS = (
					"DEBUG=1",
					"$(inherited)",
				);
				GCC_WARN_64_TO_32_BIT_CONVERSION = YES;
				GCC_WARN_ABOUT_RETURN_TYPE = YES_ERROR;
				GCC_WARN_UNDECLARED_SELECTOR = YES;
				GCC_WARN_UNINITIALIZED_AUTOS = YES_AGGRESSIVE;
				GCC_WARN_UNUSED_FUNCTION = YES;
				GCC_WARN_UNUSED_VARIABLE = YES;
				IPHONEOS_DEPLOYMENT_TARGET = 9.2;
				MTL_ENABLE_DEBUG_INFO = YES;
				ONLY_ACTIVE_ARCH = YES;
				SDKROOT = iphoneos;
				SWIFT_OPTIMIZATION_LEVEL = "-Onone";
				TARGETED_DEVICE_FAMILY = "1,2";
			};
			name = Debug;
		};
		204FD9B31C6BA2680030DC0A /* Release */ = {
			isa = XCBuildConfiguration;
			buildSettings = {
				ALWAYS_SEARCH_USER_PATHS = NO;
				CLANG_CXX_LANGUAGE_STANDARD = "gnu++0x";
				CLANG_CXX_LIBRARY = "libc++";
				CLANG_ENABLE_MODULES = YES;
				CLANG_ENABLE_OBJC_ARC = YES;
				CLANG_WARN_BOOL_CONVERSION = YES;
				CLANG_WARN_CONSTANT_CONVERSION = YES;
				CLANG_WARN_DIRECT_OBJC_ISA_USAGE = YES_ERROR;
				CLANG_WARN_EMPTY_BODY = YES;
				CLANG_WARN_ENUM_CONVERSION = YES;
				CLANG_WARN_INT_CONVERSION = YES;
				CLANG_WARN_OBJC_ROOT_CLASS = YES_ERROR;
				CLANG_WARN_UNREACHABLE_CODE = YES;
				CLANG_WARN__DUPLICATE_METHOD_MATCH = YES;
				"CODE_SIGN_IDENTITY[sdk=iphoneos*]" = "iPhone Developer";
				COPY_PHASE_STRIP = NO;
				DEBUG_INFORMATION_FORMAT = "dwarf-with-dsym";
				ENABLE_NS_ASSERTIONS = NO;
				ENABLE_STRICT_OBJC_MSGSEND = YES;
				GCC_C_LANGUAGE_STANDARD = gnu99;
				GCC_NO_COMMON_BLOCKS = YES;
				GCC_WARN_64_TO_32_BIT_CONVERSION = YES;
				GCC_WARN_ABOUT_RETURN_TYPE = YES_ERROR;
				GCC_WARN_UNDECLARED_SELECTOR = YES;
				GCC_WARN_UNINITIALIZED_AUTOS = YES_AGGRESSIVE;
				GCC_WARN_UNUSED_FUNCTION = YES;
				GCC_WARN_UNUSED_VARIABLE = YES;
				IPHONEOS_DEPLOYMENT_TARGET = 9.2;
				MTL_ENABLE_DEBUG_INFO = NO;
				SDKROOT = iphoneos;
				TARGETED_DEVICE_FAMILY = "1,2";
				VALIDATE_PRODUCT = YES;
			};
			name = Release;
		};
		204FD9B51C6BA2680030DC0A /* Debug */ = {
			isa = XCBuildConfiguration;
			buildSettings = {
				ASSETCATALOG_COMPILER_APPICON_NAME = AppIcon;
				INFOPLIST_FILE = Checklist/Info.plist;
				LD_RUNPATH_SEARCH_PATHS = "$(inherited) @executable_path/Frameworks";
				PRODUCT_BUNDLE_IDENTIFIER = com.fanxin.Checklist;
				PRODUCT_NAME = "$(TARGET_NAME)";
			};
			name = Debug;
		};
		204FD9B61C6BA2680030DC0A /* Release */ = {
			isa = XCBuildConfiguration;
			buildSettings = {
				ASSETCATALOG_COMPILER_APPICON_NAME = AppIcon;
				INFOPLIST_FILE = Checklist/Info.plist;
				LD_RUNPATH_SEARCH_PATHS = "$(inherited) @executable_path/Frameworks";
				PRODUCT_BUNDLE_IDENTIFIER = com.fanxin.Checklist;
				PRODUCT_NAME = "$(TARGET_NAME)";
			};
			name = Release;
		};
/* End XCBuildConfiguration section */

/* Begin XCConfigurationList section */
		204FD99D1C6BA2680030DC0A /* Build configuration list for PBXProject "Checklist" */ = {
			isa = XCConfigurationList;
			buildConfigurations = (
				204FD9B21C6BA2680030DC0A /* Debug */,
				204FD9B31C6BA2680030DC0A /* Release */,
			);
			defaultConfigurationIsVisible = 0;
			defaultConfigurationName = Release;
		};
		204FD9B41C6BA2680030DC0A /* Build configuration list for PBXNativeTarget "Checklist" */ = {
			isa = XCConfigurationList;
			buildConfigurations = (
				204FD9B51C6BA2680030DC0A /* Debug */,
				204FD9B61C6BA2680030DC0A /* Release */,
			);
			defaultConfigurationIsVisible = 0;
		};
/* End XCConfigurationList section */
	};
	rootObject = 204FD99A1C6BA2680030DC0A /* Project object */;
}
